
Microsoft Visual Studio Solution File, Format Version 12.00
# Visual Studio 2013
VisualStudioVersion = 12.0.31101.0
MinimumVisualStudioVersion = 10.0.40219.1
Project("{2150E333-8FDC-42A3-9474-1A3956D46DE8}") = "Samples", "Samples", "{A3668BA9-09F6-44EE-9E62-C49EC6481ABF}"
EndProject
Project("{2150E333-8FDC-42A3-9474-1A3956D46DE8}") = "Sources", "Sources", "{273F0377-3F9F-4172-A012-B6CB438C8675}"
EndProject
Project("{2150E333-8FDC-42A3-9474-1A3956D46DE8}") = "Tests", "Tests", "{847D85AD-B3DE-4EC5-82B4-572316D1CE8D}"
EndProject
Project("{FAE04EC0-301F-11D3-BF4B-00C04F79EFBC}") = "Aggregate", "Samples\Aggregate\Aggregate.csproj", "{32FE8691-A798-4B6B-A33A-F78041219DB3}"
EndProject
Project("{FAE04EC0-301F-11D3-BF4B-00C04F79EFBC}") = "Sequences", "Samples\Sequences\Sequences.csproj", "{3BB213AE-2622-4613-9CB4-C5AB7F05CEEC}"
EndProject
Project("{FAE04EC0-301F-11D3-BF4B-00C04F79EFBC}") = "NForza.Console", "Samples\NForza.Console\NForza.Console.csproj", "{065FBFE7-1500-403A-95FB-040A0ED865F3}"
EndProject
Project("{FAE04EC0-301F-11D3-BF4B-00C04F79EFBC}") = "NForza.Functional.Tests", "Sources\NForza.Functional.Tests\NForza.Functional.Tests.csproj", "{B01C1963-1E19-4450-AAEA-98BE80DECB68}"
EndProject
Project("{FAE04EC0-301F-11D3-BF4B-00C04F79EFBC}") = "NForza.Functional", "Sources\NForza.Functional\NForza.Functional.csproj", "{F01E7B65-191E-447F-A831-C312D0B5E0CC}"
EndProject
Project("{FAE04EC0-301F-11D3-BF4B-00C04F79EFBC}") = "Partial", "Samples\Partial\Partial.csproj", "{2F2C72B3-A0EA-4C74-BA61-19732436E107}"
EndProject
Project("{FAE04EC0-301F-11D3-BF4B-00C04F79EFBC}") = "Defer", "Samples\Defer\Defer.csproj", "{3A93FE75-9F69-4811-9AA6-391E3922B70A}"
EndProject
Project("{FAE04EC0-301F-11D3-BF4B-00C04F79EFBC}") = "ObjectInitialization", "Samples\ObjectInitialization\ObjectInitialization.csproj", "{D4E2B5B6-BDB6-4319-A3BF-1C9FA802CC96}"
EndProject
Global
	GlobalSection(SolutionConfigurationPlatforms) = preSolution
		Debug|Any CPU = Debug|Any CPU
		Release|Any CPU = Release|Any CPU
	EndGlobalSection
	GlobalSection(ProjectConfigurationPlatforms) = postSolution
		{32FE8691-A798-4B6B-A33A-F78041219DB3}.Debug|Any CPU.ActiveCfg = Debug|Any CPU
		{32FE8691-A798-4B6B-A33A-F78041219DB3}.Debug|Any CPU.Build.0 = Debug|Any CPU
		{32FE8691-A798-4B6B-A33A-F78041219DB3}.Release|Any CPU.ActiveCfg = Release|Any CPU
		{32FE8691-A798-4B6B-A33A-F78041219DB3}.Release|Any CPU.Build.0 = Release|Any CPU
		{3BB213AE-2622-4613-9CB4-C5AB7F05CEEC}.Debug|Any CPU.ActiveCfg = Debug|Any CPU
		{3BB213AE-2622-4613-9CB4-C5AB7F05CEEC}.Debug|Any CPU.Build.0 = Debug|Any CPU
		{3BB213AE-2622-4613-9CB4-C5AB7F05CEEC}.Release|Any CPU.ActiveCfg = Release|Any CPU
		{3BB213AE-2622-4613-9CB4-C5AB7F05CEEC}.Release|Any CPU.Build.0 = Release|Any CPU
		{065FBFE7-1500-403A-95FB-040A0ED865F3}.Debug|Any CPU.ActiveCfg = Debug|Any CPU
		{065FBFE7-1500-403A-95FB-040A0ED865F3}.Debug|Any CPU.Build.0 = Debug|Any CPU
		{065FBFE7-1500-403A-95FB-040A0ED865F3}.Release|Any CPU.ActiveCfg = Release|Any CPU
		{065FBFE7-1500-403A-95FB-040A0ED865F3}.Release|Any CPU.Build.0 = Release|Any CPU
		{B01C1963-1E19-4450-AAEA-98BE80DECB68}.Debug|Any CPU.ActiveCfg = Debug|Any CPU
		{B01C1963-1E19-4450-AAEA-98BE80DECB68}.Debug|Any CPU.Build.0 = Debug|Any CPU
		{B01C1963-1E19-4450-AAEA-98BE80DECB68}.Release|Any CPU.ActiveCfg = Release|Any CPU
		{B01C1963-1E19-4450-AAEA-98BE80DECB68}.Release|Any CPU.Build.0 = Release|Any CPU
		{F01E7B65-191E-447F-A831-C312D0B5E0CC}.Debug|Any CPU.ActiveCfg = Debug|Any CPU
		{F01E7B65-191E-447F-A831-C312D0B5E0CC}.Debug|Any CPU.Build.0 = Debug|Any CPU
		{F01E7B65-191E-447F-A831-C312D0B5E0CC}.Release|Any CPU.ActiveCfg = Release|Any CPU
		{F01E7B65-191E-447F-A831-C312D0B5E0CC}.Release|Any CPU.Build.0 = Release|Any CPU
		{2F2C72B3-A0EA-4C74-BA61-19732436E107}.Debug|Any CPU.ActiveCfg = Debug|Any CPU
		{2F2C72B3-A0EA-4C74-BA61-19732436E107}.Debug|Any CPU.Build.0 = Debug|Any CPU
		{2F2C72B3-A0EA-4C74-BA61-19732436E107}.Release|Any CPU.ActiveCfg = Release|Any CPU
		{2F2C72B3-A0EA-4C74-BA61-19732436E107}.Release|Any CPU.Build.0 = Release|Any CPU
		{3A93FE75-9F69-4811-9AA6-391E3922B70A}.Debug|Any CPU.ActiveCfg = Debug|Any CPU
		{3A93FE75-9F69-4811-9AA6-391E3922B70A}.Debug|Any CPU.Build.0 = Debug|Any CPU
		{3A93FE75-9F69-4811-9AA6-391E3922B70A}.Release|Any CPU.ActiveCfg = Release|Any CPU
		{3A93FE75-9F69-4811-9AA6-391E3922B70A}.Release|Any CPU.Build.0 = Release|Any CPU
		{D4E2B5B6-BDB6-4319-A3BF-1C9FA802CC96}.Debug|Any CPU.ActiveCfg = Debug|Any CPU
		{D4E2B5B6-BDB6-4319-A3BF-1C9FA802CC96}.Debug|Any CPU.Build.0 = Debug|Any CPU
		{D4E2B5B6-BDB6-4319-A3BF-1C9FA802CC96}.Release|Any CPU.ActiveCfg = Release|Any CPU
		{D4E2B5B6-BDB6-4319-A3BF-1C9FA802CC96}.Release|Any CPU.Build.0 = Release|Any CPU
	EndGlobalSection
	GlobalSection(SolutionProperties) = preSolution
		HideSolutionNode = FALSE
	EndGlobalSection
	GlobalSection(NestedProjects) = preSolution
		{32FE8691-A798-4B6B-A33A-F78041219DB3} = {A3668BA9-09F6-44EE-9E62-C49EC6481ABF}
		{3BB213AE-2622-4613-9CB4-C5AB7F05CEEC} = {A3668BA9-09F6-44EE-9E62-C49EC6481ABF}
		{065FBFE7-1500-403A-95FB-040A0ED865F3} = {A3668BA9-09F6-44EE-9E62-C49EC6481ABF}
		{B01C1963-1E19-4450-AAEA-98BE80DECB68} = {847D85AD-B3DE-4EC5-82B4-572316D1CE8D}
		{F01E7B65-191E-447F-A831-C312D0B5E0CC} = {273F0377-3F9F-4172-A012-B6CB438C8675}
		{2F2C72B3-A0EA-4C74-BA61-19732436E107} = {A3668BA9-09F6-44EE-9E62-C49EC6481ABF}
		{3A93FE75-9F69-4811-9AA6-391E3922B70A} = {A3668BA9-09F6-44EE-9E62-C49EC6481ABF}
		{D4E2B5B6-BDB6-4319-A3BF-1C9FA802CC96} = {A3668BA9-09F6-44EE-9E62-C49EC6481ABF}
	EndGlobalSection
EndGlobal
